// !$*UTF8*$!
{
	archiveVersion = 1;
	classes = {
	};
	objectVersion = 50;
	objects = {

/* Begin PBXBuildFile section */
		BD414FD02739A97200D0862B /* NewEmojiTableViewController.swift in Sources */ = {isa = PBXBuildFile; fileRef = BD414FCF2739A97200D0862B /* NewEmojiTableViewController.swift */; };
		BDA33DD62729DF75005CE5BD /* AppDelegate.swift in Sources */ = {isa = PBXBuildFile; fileRef = BDA33DD52729DF75005CE5BD /* AppDelegate.swift */; };
		BDA33DD82729DF75005CE5BD /* SceneDelegate.swift in Sources */ = {isa = PBXBuildFile; fileRef = BDA33DD72729DF75005CE5BD /* SceneDelegate.swift */; };
		BDA33DDA2729DF75005CE5BD /* ViewController.swift in Sources */ = {isa = PBXBuildFile; fileRef = BDA33DD92729DF75005CE5BD /* ViewController.swift */; };
		BDA33DDD2729DF75005CE5BD /* Main.storyboard in Resources */ = {isa = PBXBuildFile; fileRef = BDA33DDB2729DF75005CE5BD /* Main.storyboard */; };
		BDA33DDF2729DF7B005CE5BD /* Assets.xcassets in Resources */ = {isa = PBXBuildFile; fileRef = BDA33DDE2729DF7B005CE5BD /* Assets.xcassets */; };
		BDA33DE22729DF7B005CE5BD /* LaunchScreen.storyboard in Resources */ = {isa = PBXBuildFile; fileRef = BDA33DE02729DF7B005CE5BD /* LaunchScreen.storyboard */; };
		BDA33DEB2729E197005CE5BD /* EmojiTableViewController.swift in Sources */ = {isa = PBXBuildFile; fileRef = BDA33DEA2729E197005CE5BD /* EmojiTableViewController.swift */; };
		BDE5ECE4272B257E00C2C108 /* EmojiTableViewCell.swift in Sources */ = {isa = PBXBuildFile; fileRef = BDE5ECE3272B257E00C2C108 /* EmojiTableViewCell.swift */; };
		BDE5ECE7272B278F00C2C108 /* EmojiModel.swift in Sources */ = {isa = PBXBuildFile; fileRef = BDE5ECE6272B278F00C2C108 /* EmojiModel.swift */; };
/* End PBXBuildFile section */

/* Begin PBXFileReference section */
		BD414FCF2739A97200D0862B /* NewEmojiTableViewController.swift */ = {isa = PBXFileReference; lastKnownFileType = sourcecode.swift; path = NewEmojiTableViewController.swift; sourceTree = "<group>"; };
		BDA33DD22729DF75005CE5BD /* EmojiReader.app */ = {isa = PBXFileReference; explicitFileType = wrapper.application; includeInIndex = 0; path = EmojiReader.app; sourceTree = BUILT_PRODUCTS_DIR; };
		BDA33DD52729DF75005CE5BD /* AppDelegate.swift */ = {isa = PBXFileReference; lastKnownFileType = sourcecode.swift; path = AppDelegate.swift; sourceTree = "<group>"; };
		BDA33DD72729DF75005CE5BD /* SceneDelegate.swift */ = {isa = PBXFileReference; lastKnownFileType = sourcecode.swift; path = SceneDelegate.swift; sourceTree = "<group>"; };
		BDA33DD92729DF75005CE5BD /* ViewController.swift */ = {isa = PBXFileReference; lastKnownFileType = sourcecode.swift; path = ViewController.swift; sourceTree = "<group>"; };
		BDA33DDC2729DF75005CE5BD /* Base */ = {isa = PBXFileReference; lastKnownFileType = file.storyboard; name = Base; path = Base.lproj/Main.storyboard; sourceTree = "<group>"; };
		BDA33DDE2729DF7B005CE5BD /* Assets.xcassets */ = {isa = PBXFileReference; lastKnownFileType = folder.assetcatalog; path = Assets.xcassets; sourceTree = "<group>"; };
		BDA33DE12729DF7B005CE5BD /* Base */ = {isa = PBXFileReference; lastKnownFileType = file.storyboard; name = Base; path = Base.lproj/LaunchScreen.storyboard; sourceTree = "<group>"; };
		BDA33DE32729DF7B005CE5BD /* Info.plist */ = {isa = PBXFileReference; lastKnownFileType = text.plist.xml; path = Info.plist; sourceTree = "<group>"; };
		BDA33DEA2729E197005CE5BD /* EmojiTableViewController.swift */ = {isa = PBXFileReference; lastKnownFileType = sourcecode.swift; path = EmojiTableViewController.swift; sourceTree = "<group>"; };
		BDE5ECE3272B257E00C2C108 /* EmojiTableViewCell.swift */ = {isa = PBXFileReference; lastKnownFileType = sourcecode.swift; path = EmojiTableViewCell.swift; sourceTree = "<group>"; };
		BDE5ECE6272B278F00C2C108 /* EmojiModel.swift */ = {isa = PBXFileReference; lastKnownFileType = sourcecode.swift; path = EmojiModel.swift; sourceTree = "<group>"; };
/* End PBXFileReference section */

/* Begin PBXFrameworksBuildPhase section */
		BDA33DCF2729DF75005CE5BD /* Frameworks */ = {
			isa = PBXFrameworksBuildPhase;
			buildActionMask = 2147483647;
			files = (
			);
			runOnlyForDeploymentPostprocessing = 0;
		};
/* End PBXFrameworksBuildPhase section */

/* Begin PBXGroup section */
		BDA33DC92729DF75005CE5BD = {
			isa = PBXGroup;
			children = (
				BDA33DD42729DF75005CE5BD /* EmojiReader */,
				BDA33DD32729DF75005CE5BD /* Products */,
			);
			sourceTree = "<group>";
		};
		BDA33DD32729DF75005CE5BD /* Products */ = {
			isa = PBXGroup;
			children = (
				BDA33DD22729DF75005CE5BD /* EmojiReader.app */,
			);
			name = Products;
			sourceTree = "<group>";
		};
		BDA33DD42729DF75005CE5BD /* EmojiReader */ = {
			isa = PBXGroup;
			children = (
				BDA33DD52729DF75005CE5BD /* AppDelegate.swift */,
				BDA33DD72729DF75005CE5BD /* SceneDelegate.swift */,
				BDA33DD92729DF75005CE5BD /* ViewController.swift */,
				BDA33DDB2729DF75005CE5BD /* Main.storyboard */,
				BD414FCF2739A97200D0862B /* NewEmojiTableViewController.swift */,
				BDE5ECE3272B257E00C2C108 /* EmojiTableViewCell.swift */,
				BDA33DEA2729E197005CE5BD /* EmojiTableViewController.swift */,
				BDE5ECE6272B278F00C2C108 /* EmojiModel.swift */,
				BDA33DDE2729DF7B005CE5BD /* Assets.xcassets */,
				BDA33DE02729DF7B005CE5BD /* LaunchScreen.storyboard */,
				BDA33DE32729DF7B005CE5BD /* Info.plist */,
			);
			path = EmojiReader;
			sourceTree = "<group>";
		};
/* End PBXGroup section */

/* Begin PBXNativeTarget section */
		BDA33DD12729DF75005CE5BD /* EmojiReader */ = {
			isa = PBXNativeTarget;
			buildConfigurationList = BDA33DE62729DF7B005CE5BD /* Build configuration list for PBXNativeTarget "EmojiReader" */;
			buildPhases = (
				BDA33DCE2729DF75005CE5BD /* Sources */,
				BDA33DCF2729DF75005CE5BD /* Frameworks */,
				BDA33DD02729DF75005CE5BD /* Resources */,
			);
			buildRules = (
			);
			dependencies = (
			);
			name = EmojiReader;
			productName = EmojiReader;
			productReference = BDA33DD22729DF75005CE5BD /* EmojiReader.app */;
			productType = "com.apple.product-type.application";
		};
/* End PBXNativeTarget section */

/* Begin PBXProject section */
		BDA33DCA2729DF75005CE5BD /* Project object */ = {
			isa = PBXProject;
			attributes = {
				LastSwiftUpdateCheck = 1240;
				LastUpgradeCheck = 1240;
				TargetAttributes = {
					BDA33DD12729DF75005CE5BD = {
						CreatedOnToolsVersion = 12.4;
					};
				};
			};
			buildConfigurationList = BDA33DCD2729DF75005CE5BD /* Build configuration list for PBXProject "EmojiReader" */;
			compatibilityVersion = "Xcode 9.3";
			developmentRegion = en;
			hasScannedForEncodings = 0;
			knownRegions = (
				en,
				Base,
			);
			mainGroup = BDA33DC92729DF75005CE5BD;
			productRefGroup = BDA33DD32729DF75005CE5BD /* Products */;
			projectDirPath = "";
			projectRoot = "";
			targets = (
				BDA33DD12729DF75005CE5BD /* EmojiReader */,
			);
		};
/* End PBXProject section */

/* Begin PBXResourcesBuildPhase section */
		BDA33DD02729DF75005CE5BD /* Resources */ = {
			isa = PBXResourcesBuildPhase;
			buildActionMask = 2147483647;
			files = (
				BDA33DE22729DF7B005CE5BD /* LaunchScreen.storyboard in Resources */,
				BDA33DDF2729DF7B005CE5BD /* Assets.xcassets in Resources */,
				BDA33DDD2729DF75005CE5BD /* Main.storyboard in Resources */,
			);
			runOnlyForDeploymentPostprocessing = 0;
		};
/* End PBXResourcesBuildPhase section */

/* Begin PBXSourcesBuildPhase section */
		BDA33DCE2729DF75005CE5BD /* Sources */ = {
			isa = PBXSourcesBuildPhase;
			buildActionMask = 2147483647;
			files = (
				BDA33DEB2729E197005CE5BD /* EmojiTableViewController.swift in Sources */,
				BDA33DDA2729DF75005CE5BD /* ViewController.swift in Sources */,
				BDE5ECE7272B278F00C2C108 /* EmojiModel.swift in Sources */,
				BDE5ECE4272B257E00C2C108 /* EmojiTableViewCell.swift in Sources */,
				BD414FD02739A97200D0862B /* NewEmojiTableViewController.swift in Sources */,
				BDA33DD62729DF75005CE5BD /* AppDelegate.swift in Sources */,
				BDA33DD82729DF75005CE5BD /* SceneDelegate.swift in Sources */,
			);
			runOnlyForDeploymentPostprocessing = 0;
		};
/* End PBXSourcesBuildPhase section */

/* Begin PBXVariantGroup section */
		BDA33DDB2729DF75005CE5BD /* Main.storyboard */ = {
			isa = PBXVariantGroup;
			children = (
				BDA33DDC2729DF75005CE5BD /* Base */,
			);
			name = Main.storyboard;
			sourceTree = "<group>";
		};
		BDA33DE02729DF7B005CE5BD /* LaunchScreen.storyboard */ = {
			isa = PBXVariantGroup;
			children = (
				BDA33DE12729DF7B005CE5BD /* Base */,
			);
			name = LaunchScreen.storyboard;
			sourceTree = "<group>";
		};
/* End PBXVariantGroup section */

/* Begin XCBuildConfiguration section */
		BDA33DE42729DF7B005CE5BD /* Debug */ = {
			isa = XCBuildConfiguration;
			buildSettings = {
				ALWAYS_SEARCH_USER_PATHS = NO;
				CLANG_ANALYZER_NONNULL = YES;
				CLANG_ANALYZER_NUMBER_OBJECT_CONVERSION = YES_AGGRESSIVE;
				CLANG_CXX_LANGUAGE_STANDARD = "gnu++14";
				CLANG_CXX_LIBRARY = "libc++";
				CLANG_ENABLE_MODULES = YES;
				CLANG_ENABLE_OBJC_ARC = YES;
				CLANG_ENABLE_OBJC_WEAK = YES;
				CLANG_WARN_BLOCK_CAPTURE_AUTORELEASING = YES;
				CLANG_WARN_BOOL_CONVERSION = YES;
				CLANG_WARN_COMMA = YES;
				CLANG_WARN_CONSTANT_CONVERSION = YES;
				CLANG_WARN_DEPRECATED_OBJC_IMPLEMENTATIONS = YES;
				CLANG_WARN_DIRECT_OBJC_ISA_USAGE = YES_ERROR;
				CLANG_WARN_DOCUMENTATION_COMMENTS = YES;
				CLANG_WARN_EMPTY_BODY = YES;
				CLANG_WARN_ENUM_CONVERSION = YES;
				CLANG_WARN_INFINITE_RECURSION = YES;
				CLANG_WARN_INT_CONVERSION = YES;
				CLANG_WARN_NON_LITERAL_NULL_CONVERSION = YES;
				CLANG_WARN_OBJC_IMPLICIT_RETAIN_SELF = YES;
				CLANG_WARN_OBJC_LITERAL_CONVERSION = YES;
				CLANG_WARN_OBJC_ROOT_CLASS = YES_ERROR;
				CLANG_WARN_QUOTED_INCLUDE_IN_FRAMEWORK_HEADER = YES;
				CLANG_WARN_RANGE_LOOP_ANALYSIS = YES;
				CLANG_WARN_STRICT_PROTOTYPES = YES;
				CLANG_WARN_SUSPICIOUS_MOVE = YES;
				CLANG_WARN_UNGUARDED_AVAILABILITY = YES_AGGRESSIVE;
				CLANG_WARN_UNREACHABLE_CODE = YES;
				CLANG_WARN__DUPLICATE_METHOD_MATCH = YES;
				COPY_PHASE_STRIP = NO;
				DEBUG_INFORMATION_FORMAT = dwarf;
				ENABLE_STRICT_OBJC_MSGSEND = YES;
				ENABLE_TESTABILITY = YES;
				GCC_C_LANGUAGE_STANDARD = gnu11;
				GCC_DYNAMIC_NO_PIC = NO;
				GCC_NO_COMMON_BLOCKS = YES;
				GCC_OPTIMIZATION_LEVEL = 0;
				GCC_PREPROCESSOR_DEFINITIONS = (
					"DEBUG=1",
					"$(inherited)",
				);
				GCC_WARN_64_TO_32_BIT_CONVERSION = YES;
				GCC_WARN_ABOUT_RETURN_TYPE = YES_ERROR;
				GCC_WARN_UNDECLARED_SELECTOR = YES;
				GCC_WARN_UNINITIALIZED_AUTOS = YES_AGGRESSIVE;
				GCC_WARN_UNUSED_FUNCTION = YES;
				GCC_WARN_UNUSED_VARIABLE = YES;
				IPHONEOS_DEPLOYMENT_TARGET = 14.4;
				MTL_ENABLE_DEBUG_INFO = INCLUDE_SOURCE;
				MTL_FAST_MATH = YES;
				ONLY_ACTIVE_ARCH = YES;
				SDKROOT = iphoneos;
				SWIFT_ACTIVE_COMPILATION_CONDITIONS = DEBUG;
				SWIFT_OPTIMIZATION_LEVEL = "-Onone";
			};
			name = Debug;
		};
		BDA33DE52729DF7B005CE5BD /* Release */ = {
			isa = XCBuildConfiguration;
			buildSettings = {
				ALWAYS_SEARCH_USER_PATHS = NO;
				CLANG_ANALYZER_NONNULL = YES;
				CLANG_ANALYZER_NUMBER_OBJECT_CONVERSION = YES_AGGRESSIVE;
				CLANG_CXX_LANGUAGE_STANDARD = "gnu++14";
				CLANG_CXX_LIBRARY = "libc++";
				CLANG_ENABLE_MODULES = YES;
				CLANG_ENABLE_OBJC_ARC = YES;
				CLANG_ENABLE_OBJC_WEAK = YES;
				CLANG_WARN_BLOCK_CAPTURE_AUTORELEASING = YES;
				CLANG_WARN_BOOL_CONVERSION = YES;
				CLANG_WARN_COMMA = YES;
				CLANG_WARN_CONSTANT_CONVERSION = YES;
				CLANG_WARN_DEPRECATED_OBJC_IMPLEMENTATIONS = YES;
				CLANG_WARN_DIRECT_OBJC_ISA_USAGE = YES_ERROR;
				CLANG_WARN_DOCUMENTATION_COMMENTS = YES;
				CLANG_WARN_EMPTY_BODY = YES;
				CLANG_WARN_ENUM_CONVERSION = YES;
				CLANG_WARN_INFINITE_RECURSION = YES;
				CLANG_WARN_INT_CONVERSION = YES;
				CLANG_WARN_NON_LITERAL_NULL_CONVERSION = YES;
				CLANG_WARN_OBJC_IMPLICIT_RETAIN_SELF = YES;
				CLANG_WARN_OBJC_LITERAL_CONVERSION = YES;
				CLANG_WARN_OBJC_ROOT_CLASS = YES_ERROR;
				CLANG_WARN_QUOTED_INCLUDE_IN_FRAMEWORK_HEADER = YES;
				CLANG_WARN_RANGE_LOOP_ANALYSIS = YES;
				CLANG_WARN_STRICT_PROTOTYPES = YES;
				CLANG_WARN_SUSPICIOUS_MOVE = YES;
				CLANG_WARN_UNGUARDED_AVAILABILITY = YES_AGGRESSIVE;
				CLANG_WARN_UNREACHABLE_CODE = YES;
				CLANG_WARN__DUPLICATE_METHOD_MATCH = YES;
				COPY_PHASE_STRIP = NO;
				DEBUG_INFORMATION_FORMAT = "dwarf-with-dsym";
				ENABLE_NS_ASSERTIONS = NO;
				ENABLE_STRICT_OBJC_MSGSEND = YES;
				GCC_C_LANGUAGE_STANDARD = gnu11;
				GCC_NO_COMMON_BLOCKS = YES;
				GCC_WARN_64_TO_32_BIT_CONVERSION = YES;
				GCC_WARN_ABOUT_RETURN_TYPE = YES_ERROR;
				GCC_WARN_UNDECLARED_SELECTOR = YES;
				GCC_WARN_UNINITIALIZED_AUTOS = YES_AGGRESSIVE;
				GCC_WARN_UNUSED_FUNCTION = YES;
				GCC_WARN_UNUSED_VARIABLE = YES;
				IPHONEOS_DEPLOYMENT_TARGET = 14.4;
				MTL_ENABLE_DEBUG_INFO = NO;
				MTL_FAST_MATH = YES;
				SDKROOT = iphoneos;
				SWIFT_COMPILATION_MODE = wholemodule;
				SWIFT_OPTIMIZATION_LEVEL = "-O";
				VALIDATE_PRODUCT = YES;
			};
			name = Release;
		};
		BDA33DE72729DF7B005CE5BD /* Debug */ = {
			isa = XCBuildConfiguration;
			buildSettings = {
				ASSETCATALOG_COMPILER_APPICON_NAME = AppIcon;
				ASSETCATALOG_COMPILER_GLOBAL_ACCENT_COLOR_NAME = AccentColor;
				CODE_SIGN_STYLE = Automatic;
				DEVELOPMENT_TEAM = 2H2TF9RPVD;
				INFOPLIST_FILE = EmojiReader/Info.plist;
				LD_RUNPATH_SEARCH_PATHS = (
					"$(inherited)",
					"@executable_path/Frameworks",
				);
				PRODUCT_BUNDLE_IDENTIFIER = akasianov88.EmojiReader;
				PRODUCT_NAME = "$(TARGET_NAME)";
				SWIFT_VERSION = 5.0;
				TARGETED_DEVICE_FAMILY = "1,2";
			};
			name = Debug;
		};
		BDA33DE82729DF7B005CE5BD /* Release */ = {
			isa = XCBuildConfiguration;
			buildSettings = {
				ASSETCATALOG_COMPILER_APPICON_NAME = AppIcon;
				ASSETCATALOG_COMPILER_GLOBAL_ACCENT_COLOR_NAME = AccentColor;
				CODE_SIGN_STYLE = Automatic;
				DEVELOPMENT_TEAM = 2H2TF9RPVD;
				INFOPLIST_FILE = EmojiReader/Info.plist;
				LD_RUNPATH_SEARCH_PATHS = (
					"$(inherited)",
					"@executable_path/Frameworks",
				);
				PRODUCT_BUNDLE_IDENTIFIER = akasianov88.EmojiReader;
				PRODUCT_NAME = "$(TARGET_NAME)";
				SWIFT_VERSION = 5.0;
				TARGETED_DEVICE_FAMILY = "1,2";
			};
			name = Release;
		};
/* End XCBuildConfiguration section */

/* Begin XCConfigurationList section */
		BDA33DCD2729DF75005CE5BD /* Build configuration list for PBXProject "EmojiReader" */ = {
			isa = XCConfigurationList;
			buildConfigurations = (
				BDA33DE42729DF7B005CE5BD /* Debug */,
				BDA33DE52729DF7B005CE5BD /* Release */,
			);
			defaultConfigurationIsVisible = 0;
			defaultConfigurationName = Release;
		};
		BDA33DE62729DF7B005CE5BD /* Build configuration list for PBXNativeTarget "EmojiReader" */ = {
			isa = XCConfigurationList;
			buildConfigurations = (
				BDA33DE72729DF7B005CE5BD /* Debug */,
				BDA33DE82729DF7B005CE5BD /* Release */,
			);
			defaultConfigurationIsVisible = 0;
			defaultConfigurationName = Release;
		};
/* End XCConfigurationList section */
	};
	rootObject = BDA33DCA2729DF75005CE5BD /* Project object */;
}
